
Microsoft Visual Studio Solution File, Format Version 12.00
# Visual Studio Version 17
VisualStudioVersion = 17.5.33516.290
MinimumVisualStudioVersion = 10.0.40219.1
Project("{FAE04EC0-301F-11D3-BF4B-00C04F79EFBC}") = "PseudoParcial.consola", "PseudoParcial.consola\PseudoParcial.consola.csproj", "{178EB7F0-DB12-4359-B4F4-E291931378C6}"
EndProject
Global
	GlobalSection(SolutionConfigurationPlatforms) = preSolution
		Debug|Any CPU = Debug|Any CPU
		Release|Any CPU = Release|Any CPU
	EndGlobalSection
	GlobalSection(ProjectConfigurationPlatforms) = postSolution
		{178EB7F0-DB12-4359-B4F4-E291931378C6}.Debug|Any CPU.ActiveCfg = Debug|Any CPU
		{178EB7F0-DB12-4359-B4F4-E291931378C6}.Debug|Any CPU.Build.0 = Debug|Any CPU
		{178EB7F0-DB12-4359-B4F4-E291931378C6}.Release|Any CPU.ActiveCfg = Release|Any CPU
		{178EB7F0-DB12-4359-B4F4-E291931378C6}.Release|Any CPU.Build.0 = Release|Any CPU
	EndGlobalSection
	GlobalSection(SolutionProperties) = preSolution
		HideSolutionNode = FALSE
	EndGlobalSection
	GlobalSection(ExtensibilityGlobals) = postSolution
		SolutionGuid = {CCB9DC10-4D79-45C0-8BF2-692F7019D0A7}
	EndGlobalSection
EndGlobal
